
Microsoft Visual Studio Solution File, Format Version 12.00
# Visual Studio Version 17
VisualStudioVersion = 17.3.32929.385
MinimumVisualStudioVersion = 10.0.40219.1
Project("{9A19103F-16F7-4668-BE54-9A1E7A4F7556}") = "Targil0", "Targil0\Targil0.csproj", "{5967821A-68BA-4CB2-BF4D-1DB51A8C7BFA}"
EndProject
Project("{9A19103F-16F7-4668-BE54-9A1E7A4F7556}") = "DalFacade", "DalFacade\DalFacade.csproj", "{1AA1C3BB-E2E1-4E77-804F-81FFFFDBA064}"
EndProject
Project("{9A19103F-16F7-4668-BE54-9A1E7A4F7556}") = "DalList", "DalList\DalList.csproj", "{16F3E325-AE1A-4B16-BFFA-F708FE448E88}"
EndProject
Project("{9A19103F-16F7-4668-BE54-9A1E7A4F7556}") = "DalTest", "DalTest\DalTest.csproj", "{BEFF0051-6562-4692-81D8-A9A24FBE93C2}"
	ProjectSection(ProjectDependencies) = postProject
		{751344DC-622F-42F7-BFE1-8008BC40F8BA} = {751344DC-622F-42F7-BFE1-8008BC40F8BA}
	EndProjectSection
EndProject
Project("{9A19103F-16F7-4668-BE54-9A1E7A4F7556}") = "BL", "BL\BL.csproj", "{A3142783-1E6D-4A08-B359-12302C5EBBEC}"
	ProjectSection(ProjectDependencies) = postProject
		{751344DC-622F-42F7-BFE1-8008BC40F8BA} = {751344DC-622F-42F7-BFE1-8008BC40F8BA}
	EndProjectSection
EndProject
Project("{9A19103F-16F7-4668-BE54-9A1E7A4F7556}") = "BlTest", "BlTest\BlTest.csproj", "{4B10B417-A385-418E-B7CB-252934340A93}"
EndProject
Project("{9A19103F-16F7-4668-BE54-9A1E7A4F7556}") = "PL", "PL\PL.csproj", "{8FBB9F50-BDB6-4BD3-BF16-722E1CF8BB21}"
	ProjectSection(ProjectDependencies) = postProject
		{FAAF5956-A960-4EB7-A817-2E752710D5B4} = {FAAF5956-A960-4EB7-A817-2E752710D5B4}
	EndProjectSection
EndProject
Project("{2150E333-8FDC-42A3-9474-1A3956D46DE8}") = "xml", "xml", "{E63CA157-79E2-4422-BE53-4544E4105C8D}"
	ProjectSection(SolutionItems) = preProject
		xml\dal-config.xml = xml\dal-config.xml
		xml\List_Of_OrderItems.xml = xml\List_Of_OrderItems.xml
		xml\List_Of_Orders.xml = xml\List_Of_Orders.xml
		xml\List_Of_Products.xml = xml\List_Of_Products.xml
	EndProjectSection
EndProject
Project("{9A19103F-16F7-4668-BE54-9A1E7A4F7556}") = "DalXml", "DalXml\DalXml.csproj", "{751344DC-622F-42F7-BFE1-8008BC40F8BA}"
EndProject
Project("{9A19103F-16F7-4668-BE54-9A1E7A4F7556}") = "Simulator", "Simulator\Simulator.csproj", "{FAAF5956-A960-4EB7-A817-2E752710D5B4}"
	ProjectSection(ProjectDependencies) = postProject
		{A3142783-1E6D-4A08-B359-12302C5EBBEC} = {A3142783-1E6D-4A08-B359-12302C5EBBEC}
	EndProjectSection
EndProject
Global
	GlobalSection(SolutionConfigurationPlatforms) = preSolution
		Debug|Any CPU = Debug|Any CPU
		Release|Any CPU = Release|Any CPU
	EndGlobalSection
	GlobalSection(ProjectConfigurationPlatforms) = postSolution
		{5967821A-68BA-4CB2-BF4D-1DB51A8C7BFA}.Debug|Any CPU.ActiveCfg = Debug|Any CPU
		{5967821A-68BA-4CB2-BF4D-1DB51A8C7BFA}.Debug|Any CPU.Build.0 = Debug|Any CPU
		{5967821A-68BA-4CB2-BF4D-1DB51A8C7BFA}.Release|Any CPU.ActiveCfg = Release|Any CPU
		{5967821A-68BA-4CB2-BF4D-1DB51A8C7BFA}.Release|Any CPU.Build.0 = Release|Any CPU
		{1AA1C3BB-E2E1-4E77-804F-81FFFFDBA064}.Debug|Any CPU.ActiveCfg = Debug|Any CPU
		{1AA1C3BB-E2E1-4E77-804F-81FFFFDBA064}.Debug|Any CPU.Build.0 = Debug|Any CPU
		{1AA1C3BB-E2E1-4E77-804F-81FFFFDBA064}.Release|Any CPU.ActiveCfg = Release|Any CPU
		{1AA1C3BB-E2E1-4E77-804F-81FFFFDBA064}.Release|Any CPU.Build.0 = Release|Any CPU
		{16F3E325-AE1A-4B16-BFFA-F708FE448E88}.Debug|Any CPU.ActiveCfg = Debug|Any CPU
		{16F3E325-AE1A-4B16-BFFA-F708FE448E88}.Debug|Any CPU.Build.0 = Debug|Any CPU
		{16F3E325-AE1A-4B16-BFFA-F708FE448E88}.Release|Any CPU.ActiveCfg = Release|Any CPU
		{16F3E325-AE1A-4B16-BFFA-F708FE448E88}.Release|Any CPU.Build.0 = Release|Any CPU
		{BEFF0051-6562-4692-81D8-A9A24FBE93C2}.Debug|Any CPU.ActiveCfg = Debug|Any CPU
		{BEFF0051-6562-4692-81D8-A9A24FBE93C2}.Debug|Any CPU.Build.0 = Debug|Any CPU
		{BEFF0051-6562-4692-81D8-A9A24FBE93C2}.Release|Any CPU.ActiveCfg = Release|Any CPU
		{BEFF0051-6562-4692-81D8-A9A24FBE93C2}.Release|Any CPU.Build.0 = Release|Any CPU
		{A3142783-1E6D-4A08-B359-12302C5EBBEC}.Debug|Any CPU.ActiveCfg = Debug|Any CPU
		{A3142783-1E6D-4A08-B359-12302C5EBBEC}.Debug|Any CPU.Build.0 = Debug|Any CPU
		{A3142783-1E6D-4A08-B359-12302C5EBBEC}.Release|Any CPU.ActiveCfg = Release|Any CPU
		{A3142783-1E6D-4A08-B359-12302C5EBBEC}.Release|Any CPU.Build.0 = Release|Any CPU
		{4B10B417-A385-418E-B7CB-252934340A93}.Debug|Any CPU.ActiveCfg = Debug|Any CPU
		{4B10B417-A385-418E-B7CB-252934340A93}.Debug|Any CPU.Build.0 = Debug|Any CPU
		{4B10B417-A385-418E-B7CB-252934340A93}.Release|Any CPU.ActiveCfg = Release|Any CPU
		{4B10B417-A385-418E-B7CB-252934340A93}.Release|Any CPU.Build.0 = Release|Any CPU
		{8FBB9F50-BDB6-4BD3-BF16-722E1CF8BB21}.Debug|Any CPU.ActiveCfg = Debug|Any CPU
		{8FBB9F50-BDB6-4BD3-BF16-722E1CF8BB21}.Debug|Any CPU.Build.0 = Debug|Any CPU
		{8FBB9F50-BDB6-4BD3-BF16-722E1CF8BB21}.Release|Any CPU.ActiveCfg = Release|Any CPU
		{8FBB9F50-BDB6-4BD3-BF16-722E1CF8BB21}.Release|Any CPU.Build.0 = Release|Any CPU
		{751344DC-622F-42F7-BFE1-8008BC40F8BA}.Debug|Any CPU.ActiveCfg = Debug|Any CPU
		{751344DC-622F-42F7-BFE1-8008BC40F8BA}.Debug|Any CPU.Build.0 = Debug|Any CPU
		{751344DC-622F-42F7-BFE1-8008BC40F8BA}.Release|Any CPU.ActiveCfg = Release|Any CPU
		{751344DC-622F-42F7-BFE1-8008BC40F8BA}.Release|Any CPU.Build.0 = Release|Any CPU
		{FAAF5956-A960-4EB7-A817-2E752710D5B4}.Debug|Any CPU.ActiveCfg = Debug|Any CPU
		{FAAF5956-A960-4EB7-A817-2E752710D5B4}.Debug|Any CPU.Build.0 = Debug|Any CPU
		{FAAF5956-A960-4EB7-A817-2E752710D5B4}.Release|Any CPU.ActiveCfg = Release|Any CPU
		{FAAF5956-A960-4EB7-A817-2E752710D5B4}.Release|Any CPU.Build.0 = Release|Any CPU
	EndGlobalSection
	GlobalSection(SolutionProperties) = preSolution
		HideSolutionNode = FALSE
	EndGlobalSection
	GlobalSection(ExtensibilityGlobals) = postSolution
		SolutionGuid = {7B77986C-942D-4644-92B7-21B8AE6B223D}
	EndGlobalSection
EndGlobal
